
Microsoft Visual Studio Solution File, Format Version 12.00
# Visual Studio 15
Project("{FAE04EC0-301F-11D3-BF4B-00C04F79EFBC}") = "MmgGameApiCs", "MmgGameApiCs\MmgGameApiCs.csproj", "{4791F5F4-0191-4E14-9B67-A58C425A4AE8}"
EndProject
Project("{FAE04EC0-301F-11D3-BF4B-00C04F79EFBC}") = "JbcgApi", "..\JbcgApi\JbcgApi.csproj", "{39C80F59-39BD-4B14-8C08-16FD6F5E041F}"
EndProject
Global
	GlobalSection(SolutionConfigurationPlatforms) = preSolution
		Debug|Any CPU = Debug|Any CPU
		Release|Any CPU = Release|Any CPU
	EndGlobalSection
	GlobalSection(ProjectConfigurationPlatforms) = postSolution
		{4791F5F4-0191-4E14-9B67-A58C425A4AE8}.Debug|Any CPU.ActiveCfg = Debug|Any CPU
		{4791F5F4-0191-4E14-9B67-A58C425A4AE8}.Debug|Any CPU.Build.0 = Debug|Any CPU
		{4791F5F4-0191-4E14-9B67-A58C425A4AE8}.Release|Any CPU.ActiveCfg = Release|Any CPU
		{4791F5F4-0191-4E14-9B67-A58C425A4AE8}.Release|Any CPU.Build.0 = Release|Any CPU
		{39C80F59-39BD-4B14-8C08-16FD6F5E041F}.Debug|Any CPU.ActiveCfg = Debug|Any CPU
		{39C80F59-39BD-4B14-8C08-16FD6F5E041F}.Debug|Any CPU.Build.0 = Debug|Any CPU
		{39C80F59-39BD-4B14-8C08-16FD6F5E041F}.Release|Any CPU.ActiveCfg = Release|Any CPU
		{39C80F59-39BD-4B14-8C08-16FD6F5E041F}.Release|Any CPU.Build.0 = Release|Any CPU
	EndGlobalSection
EndGlobal
